// !$*UTF8*$!
{
	archiveVersion = 1;
	classes = {
	};
	objectVersion = 51;
	objects = {

/* Begin PBXBuildFile section */
		073CE5482781EFCB00735068 /* RegistrationViewController.swift in Sources */ = {isa = PBXBuildFile; fileRef = 073CE5472781EFCB00735068 /* RegistrationViewController.swift */; };
		073CE54D2781FAC900735068 /* APIRouter.swift in Sources */ = {isa = PBXBuildFile; fileRef = 073CE54A2781FAC900735068 /* APIRouter.swift */; };
		073CE54E2781FAC900735068 /* APIClient.swift in Sources */ = {isa = PBXBuildFile; fileRef = 073CE54B2781FAC900735068 /* APIClient.swift */; };
		073CE54F2781FAC900735068 /* Constants.swift in Sources */ = {isa = PBXBuildFile; fileRef = 073CE54C2781FAC900735068 /* Constants.swift */; };
		073CE55A278346E800735068 /* LoginViewModel.swift in Sources */ = {isa = PBXBuildFile; fileRef = 073CE559278346E800735068 /* LoginViewModel.swift */; };
		073CE55D278382B800735068 /* LoginService.swift in Sources */ = {isa = PBXBuildFile; fileRef = 073CE55C278382B800735068 /* LoginService.swift */; };
		073CE56327838E1600735068 /* RegistrationViewModel.swift in Sources */ = {isa = PBXBuildFile; fileRef = 073CE56227838E1600735068 /* RegistrationViewModel.swift */; };
		073CE56727838E8700735068 /* RegistrationService.swift in Sources */ = {isa = PBXBuildFile; fileRef = 073CE56627838E8700735068 /* RegistrationService.swift */; };
		7CAFA4B12204D187F60963A5 /* Pods_Test_MVVM.framework in Frameworks */ = {isa = PBXBuildFile; fileRef = 76FAEC70B7C28D4BA9137CFD /* Pods_Test_MVVM.framework */; };
		950468056A335CC9335CE822 /* Pods_Test_MVVMTests.framework in Frameworks */ = {isa = PBXBuildFile; fileRef = 06AC549385B1E1081F9F28E4 /* Pods_Test_MVVMTests.framework */; };
		A4C137042781819B00A4F853 /* AppDelegate.swift in Sources */ = {isa = PBXBuildFile; fileRef = A4C137032781819B00A4F853 /* AppDelegate.swift */; };
		A4C137062781819B00A4F853 /* SceneDelegate.swift in Sources */ = {isa = PBXBuildFile; fileRef = A4C137052781819B00A4F853 /* SceneDelegate.swift */; };
		A4C137082781819B00A4F853 /* LoginViewController.swift in Sources */ = {isa = PBXBuildFile; fileRef = A4C137072781819B00A4F853 /* LoginViewController.swift */; };
		A4C1370B2781819B00A4F853 /* Main.storyboard in Resources */ = {isa = PBXBuildFile; fileRef = A4C137092781819B00A4F853 /* Main.storyboard */; };
		A4C1370D2781819D00A4F853 /* Assets.xcassets in Resources */ = {isa = PBXBuildFile; fileRef = A4C1370C2781819D00A4F853 /* Assets.xcassets */; };
		A4C137102781819D00A4F853 /* LaunchScreen.storyboard in Resources */ = {isa = PBXBuildFile; fileRef = A4C1370E2781819D00A4F853 /* LaunchScreen.storyboard */; };
		A4C1371B2781819E00A4F853 /* Test_MVVMTests.swift in Sources */ = {isa = PBXBuildFile; fileRef = A4C1371A2781819E00A4F853 /* Test_MVVMTests.swift */; };
		A4C137262781819E00A4F853 /* Test_MVVMUITests.swift in Sources */ = {isa = PBXBuildFile; fileRef = A4C137252781819E00A4F853 /* Test_MVVMUITests.swift */; };
		A4C13734278182FE00A4F853 /* CardView.swift in Sources */ = {isa = PBXBuildFile; fileRef = A4C13733278182FE00A4F853 /* CardView.swift */; };
		DDF26888F80327E7D4390851 /* Pods_Test_MVVM_Test_MVVMUITests.framework in Frameworks */ = {isa = PBXBuildFile; fileRef = 4C9C0109EF48C4DA9745EC2C /* Pods_Test_MVVM_Test_MVVMUITests.framework */; };
/* End PBXBuildFile section */

/* Begin PBXContainerItemProxy section */
		A4C137172781819E00A4F853 /* PBXContainerItemProxy */ = {
			isa = PBXContainerItemProxy;
			containerPortal = A4C136F82781819A00A4F853 /* Project object */;
			proxyType = 1;
			remoteGlobalIDString = A4C136FF2781819A00A4F853;
			remoteInfo = "Test-MVVM";
		};
		A4C137222781819E00A4F853 /* PBXContainerItemProxy */ = {
			isa = PBXContainerItemProxy;
			containerPortal = A4C136F82781819A00A4F853 /* Project object */;
			proxyType = 1;
			remoteGlobalIDString = A4C136FF2781819A00A4F853;
			remoteInfo = "Test-MVVM";
		};
/* End PBXContainerItemProxy section */

/* Begin PBXFileReference section */
		06AC549385B1E1081F9F28E4 /* Pods_Test_MVVMTests.framework */ = {isa = PBXFileReference; explicitFileType = wrapper.framework; includeInIndex = 0; path = Pods_Test_MVVMTests.framework; sourceTree = BUILT_PRODUCTS_DIR; };
		073CE5472781EFCB00735068 /* RegistrationViewController.swift */ = {isa = PBXFileReference; lastKnownFileType = sourcecode.swift; path = RegistrationViewController.swift; sourceTree = "<group>"; };
		073CE54A2781FAC900735068 /* APIRouter.swift */ = {isa = PBXFileReference; fileEncoding = 4; lastKnownFileType = sourcecode.swift; path = APIRouter.swift; sourceTree = "<group>"; };
		073CE54B2781FAC900735068 /* APIClient.swift */ = {isa = PBXFileReference; fileEncoding = 4; lastKnownFileType = sourcecode.swift; path = APIClient.swift; sourceTree = "<group>"; };
		073CE54C2781FAC900735068 /* Constants.swift */ = {isa = PBXFileReference; fileEncoding = 4; lastKnownFileType = sourcecode.swift; path = Constants.swift; sourceTree = "<group>"; };
		073CE559278346E800735068 /* LoginViewModel.swift */ = {isa = PBXFileReference; lastKnownFileType = sourcecode.swift; path = LoginViewModel.swift; sourceTree = "<group>"; };
		073CE55C278382B800735068 /* LoginService.swift */ = {isa = PBXFileReference; lastKnownFileType = sourcecode.swift; path = LoginService.swift; sourceTree = "<group>"; };
		073CE56227838E1600735068 /* RegistrationViewModel.swift */ = {isa = PBXFileReference; lastKnownFileType = sourcecode.swift; path = RegistrationViewModel.swift; sourceTree = "<group>"; };
		073CE56627838E8700735068 /* RegistrationService.swift */ = {isa = PBXFileReference; lastKnownFileType = sourcecode.swift; path = RegistrationService.swift; sourceTree = "<group>"; };
		2BCF167509AB7AE166DF5043 /* Pods-Test-MVVM-Test-MVVMUITests.release.xcconfig */ = {isa = PBXFileReference; includeInIndex = 1; lastKnownFileType = text.xcconfig; name = "Pods-Test-MVVM-Test-MVVMUITests.release.xcconfig"; path = "Target Support Files/Pods-Test-MVVM-Test-MVVMUITests/Pods-Test-MVVM-Test-MVVMUITests.release.xcconfig"; sourceTree = "<group>"; };
		2C1361F6D517765E81AC41D0 /* Pods-Test-MVVMTests.debug.xcconfig */ = {isa = PBXFileReference; includeInIndex = 1; lastKnownFileType = text.xcconfig; name = "Pods-Test-MVVMTests.debug.xcconfig"; path = "Target Support Files/Pods-Test-MVVMTests/Pods-Test-MVVMTests.debug.xcconfig"; sourceTree = "<group>"; };
		3E8B442107B83765219FCDCF /* Pods-Test-MVVM-Test-MVVMUITests.debug.xcconfig */ = {isa = PBXFileReference; includeInIndex = 1; lastKnownFileType = text.xcconfig; name = "Pods-Test-MVVM-Test-MVVMUITests.debug.xcconfig"; path = "Target Support Files/Pods-Test-MVVM-Test-MVVMUITests/Pods-Test-MVVM-Test-MVVMUITests.debug.xcconfig"; sourceTree = "<group>"; };
		4C9C0109EF48C4DA9745EC2C /* Pods_Test_MVVM_Test_MVVMUITests.framework */ = {isa = PBXFileReference; explicitFileType = wrapper.framework; includeInIndex = 0; path = Pods_Test_MVVM_Test_MVVMUITests.framework; sourceTree = BUILT_PRODUCTS_DIR; };
		7524E2B65FAD04CE2C0FE8B1 /* Pods-Test-MVVM.release.xcconfig */ = {isa = PBXFileReference; includeInIndex = 1; lastKnownFileType = text.xcconfig; name = "Pods-Test-MVVM.release.xcconfig"; path = "Target Support Files/Pods-Test-MVVM/Pods-Test-MVVM.release.xcconfig"; sourceTree = "<group>"; };
		762CF4FB69E6449900283B73 /* Pods-Test-MVVM.debug.xcconfig */ = {isa = PBXFileReference; includeInIndex = 1; lastKnownFileType = text.xcconfig; name = "Pods-Test-MVVM.debug.xcconfig"; path = "Target Support Files/Pods-Test-MVVM/Pods-Test-MVVM.debug.xcconfig"; sourceTree = "<group>"; };
		76FAEC70B7C28D4BA9137CFD /* Pods_Test_MVVM.framework */ = {isa = PBXFileReference; explicitFileType = wrapper.framework; includeInIndex = 0; path = Pods_Test_MVVM.framework; sourceTree = BUILT_PRODUCTS_DIR; };
		A4C137002781819A00A4F853 /* Test-MVVM.app */ = {isa = PBXFileReference; explicitFileType = wrapper.application; includeInIndex = 0; path = "Test-MVVM.app"; sourceTree = BUILT_PRODUCTS_DIR; };
		A4C137032781819B00A4F853 /* AppDelegate.swift */ = {isa = PBXFileReference; lastKnownFileType = sourcecode.swift; path = AppDelegate.swift; sourceTree = "<group>"; };
		A4C137052781819B00A4F853 /* SceneDelegate.swift */ = {isa = PBXFileReference; lastKnownFileType = sourcecode.swift; path = SceneDelegate.swift; sourceTree = "<group>"; };
		A4C137072781819B00A4F853 /* LoginViewController.swift */ = {isa = PBXFileReference; lastKnownFileType = sourcecode.swift; path = LoginViewController.swift; sourceTree = "<group>"; };
		A4C1370A2781819B00A4F853 /* Base */ = {isa = PBXFileReference; lastKnownFileType = file.storyboard; name = Base; path = Base.lproj/Main.storyboard; sourceTree = "<group>"; };
		A4C1370C2781819D00A4F853 /* Assets.xcassets */ = {isa = PBXFileReference; lastKnownFileType = folder.assetcatalog; path = Assets.xcassets; sourceTree = "<group>"; };
		A4C1370F2781819D00A4F853 /* Base */ = {isa = PBXFileReference; lastKnownFileType = file.storyboard; name = Base; path = Base.lproj/LaunchScreen.storyboard; sourceTree = "<group>"; };
		A4C137112781819D00A4F853 /* Info.plist */ = {isa = PBXFileReference; lastKnownFileType = text.plist.xml; path = Info.plist; sourceTree = "<group>"; };
		A4C137162781819E00A4F853 /* Test-MVVMTests.xctest */ = {isa = PBXFileReference; explicitFileType = wrapper.cfbundle; includeInIndex = 0; path = "Test-MVVMTests.xctest"; sourceTree = BUILT_PRODUCTS_DIR; };
		A4C1371A2781819E00A4F853 /* Test_MVVMTests.swift */ = {isa = PBXFileReference; lastKnownFileType = sourcecode.swift; path = Test_MVVMTests.swift; sourceTree = "<group>"; };
		A4C1371C2781819E00A4F853 /* Info.plist */ = {isa = PBXFileReference; lastKnownFileType = text.plist.xml; path = Info.plist; sourceTree = "<group>"; };
		A4C137212781819E00A4F853 /* Test-MVVMUITests.xctest */ = {isa = PBXFileReference; explicitFileType = wrapper.cfbundle; includeInIndex = 0; path = "Test-MVVMUITests.xctest"; sourceTree = BUILT_PRODUCTS_DIR; };
		A4C137252781819E00A4F853 /* Test_MVVMUITests.swift */ = {isa = PBXFileReference; lastKnownFileType = sourcecode.swift; path = Test_MVVMUITests.swift; sourceTree = "<group>"; };
		A4C137272781819E00A4F853 /* Info.plist */ = {isa = PBXFileReference; lastKnownFileType = text.plist.xml; path = Info.plist; sourceTree = "<group>"; };
		A4C13733278182FE00A4F853 /* CardView.swift */ = {isa = PBXFileReference; fileEncoding = 4; lastKnownFileType = sourcecode.swift; path = CardView.swift; sourceTree = "<group>"; };
		EC464D8F1F45862DA0D42B9E /* Pods-Test-MVVMTests.release.xcconfig */ = {isa = PBXFileReference; includeInIndex = 1; lastKnownFileType = text.xcconfig; name = "Pods-Test-MVVMTests.release.xcconfig"; path = "Target Support Files/Pods-Test-MVVMTests/Pods-Test-MVVMTests.release.xcconfig"; sourceTree = "<group>"; };
/* End PBXFileReference section */

/* Begin PBXFrameworksBuildPhase section */
		A4C136FD2781819A00A4F853 /* Frameworks */ = {
			isa = PBXFrameworksBuildPhase;
			buildActionMask = 2147483647;
			files = (
				7CAFA4B12204D187F60963A5 /* Pods_Test_MVVM.framework in Frameworks */,
			);
			runOnlyForDeploymentPostprocessing = 0;
		};
		A4C137132781819E00A4F853 /* Frameworks */ = {
			isa = PBXFrameworksBuildPhase;
			buildActionMask = 2147483647;
			files = (
				950468056A335CC9335CE822 /* Pods_Test_MVVMTests.framework in Frameworks */,
			);
			runOnlyForDeploymentPostprocessing = 0;
		};
		A4C1371E2781819E00A4F853 /* Frameworks */ = {
			isa = PBXFrameworksBuildPhase;
			buildActionMask = 2147483647;
			files = (
				DDF26888F80327E7D4390851 /* Pods_Test_MVVM_Test_MVVMUITests.framework in Frameworks */,
			);
			runOnlyForDeploymentPostprocessing = 0;
		};
/* End PBXFrameworksBuildPhase section */

/* Begin PBXGroup section */
		073CE5492781FA9A00735068 /* Network Layer */ = {
			isa = PBXGroup;
			children = (
				073CE54B2781FAC900735068 /* APIClient.swift */,
				073CE54A2781FAC900735068 /* APIRouter.swift */,
				073CE54C2781FAC900735068 /* Constants.swift */,
			);
			path = "Network Layer";
			sourceTree = "<group>";
		};
		073CE550278201BA00735068 /* Modules */ = {
			isa = PBXGroup;
			children = (
				073CE551278201C200735068 /* Login */,
				073CE552278201C900735068 /* Registration */,
			);
			path = Modules;
			sourceTree = "<group>";
		};
		073CE551278201C200735068 /* Login */ = {
			isa = PBXGroup;
			children = (
				073CE553278201D400735068 /* Model */,
				073CE554278201DA00735068 /* View */,
				073CE555278201E100735068 /* ViewModel */,
				073CE55B2783828900735068 /* Service */,
			);
			path = Login;
			sourceTree = "<group>";
		};
		073CE552278201C900735068 /* Registration */ = {
			isa = PBXGroup;
			children = (
				073CE556278201EF00735068 /* Model */,
				073CE557278201F300735068 /* View */,
				073CE558278201F900735068 /* ViewModel */,
				073CE56527838E4B00735068 /* Service */,
			);
			path = Registration;
			sourceTree = "<group>";
		};
		073CE553278201D400735068 /* Model */ = {
			isa = PBXGroup;
			children = (
			);
			path = Model;
			sourceTree = "<group>";
		};
		073CE554278201DA00735068 /* View */ = {
			isa = PBXGroup;
			children = (
				A4C137072781819B00A4F853 /* LoginViewController.swift */,
			);
			path = View;
			sourceTree = "<group>";
		};
		073CE555278201E100735068 /* ViewModel */ = {
			isa = PBXGroup;
			children = (
				073CE559278346E800735068 /* LoginViewModel.swift */,
			);
			path = ViewModel;
			sourceTree = "<group>";
		};
		073CE556278201EF00735068 /* Model */ = {
			isa = PBXGroup;
			children = (
			);
			path = Model;
			sourceTree = "<group>";
		};
		073CE557278201F300735068 /* View */ = {
			isa = PBXGroup;
			children = (
				073CE5472781EFCB00735068 /* RegistrationViewController.swift */,
			);
			path = View;
			sourceTree = "<group>";
		};
		073CE558278201F900735068 /* ViewModel */ = {
			isa = PBXGroup;
			children = (
				073CE56227838E1600735068 /* RegistrationViewModel.swift */,
			);
			path = ViewModel;
			sourceTree = "<group>";
		};
		073CE55B2783828900735068 /* Service */ = {
			isa = PBXGroup;
			children = (
				073CE55C278382B800735068 /* LoginService.swift */,
			);
			path = Service;
			sourceTree = "<group>";
		};
		073CE56427838E3300735068 /* Utils */ = {
			isa = PBXGroup;
			children = (
				A4C13733278182FE00A4F853 /* CardView.swift */,
			);
			path = Utils;
			sourceTree = "<group>";
		};
		073CE56527838E4B00735068 /* Service */ = {
			isa = PBXGroup;
			children = (
				073CE56627838E8700735068 /* RegistrationService.swift */,
			);
			path = Service;
			sourceTree = "<group>";
		};
		A4C136F72781819A00A4F853 = {
			isa = PBXGroup;
			children = (
				A4C137022781819A00A4F853 /* Test-MVVM */,
				A4C137192781819E00A4F853 /* Test-MVVMTests */,
				A4C137242781819E00A4F853 /* Test-MVVMUITests */,
				A4C137012781819A00A4F853 /* Products */,
				F8DFABE12633057B3E73AB75 /* Pods */,
				E11D14857C3104D3AB121A9D /* Frameworks */,
			);
			sourceTree = "<group>";
		};
		A4C137012781819A00A4F853 /* Products */ = {
			isa = PBXGroup;
			children = (
				A4C137002781819A00A4F853 /* Test-MVVM.app */,
				A4C137162781819E00A4F853 /* Test-MVVMTests.xctest */,
				A4C137212781819E00A4F853 /* Test-MVVMUITests.xctest */,
			);
			name = Products;
			sourceTree = "<group>";
		};
		A4C137022781819A00A4F853 /* Test-MVVM */ = {
			isa = PBXGroup;
			children = (
				073CE56427838E3300735068 /* Utils */,
				073CE5492781FA9A00735068 /* Network Layer */,
				073CE550278201BA00735068 /* Modules */,
				A4C137032781819B00A4F853 /* AppDelegate.swift */,
				A4C137052781819B00A4F853 /* SceneDelegate.swift */,
				A4C137092781819B00A4F853 /* Main.storyboard */,
				A4C1370C2781819D00A4F853 /* Assets.xcassets */,
				A4C1370E2781819D00A4F853 /* LaunchScreen.storyboard */,
				A4C137112781819D00A4F853 /* Info.plist */,
			);
			path = "Test-MVVM";
			sourceTree = "<group>";
		};
		A4C137192781819E00A4F853 /* Test-MVVMTests */ = {
			isa = PBXGroup;
			children = (
				A4C1371A2781819E00A4F853 /* Test_MVVMTests.swift */,
				A4C1371C2781819E00A4F853 /* Info.plist */,
			);
			path = "Test-MVVMTests";
			sourceTree = "<group>";
		};
		A4C137242781819E00A4F853 /* Test-MVVMUITests */ = {
			isa = PBXGroup;
			children = (
				A4C137252781819E00A4F853 /* Test_MVVMUITests.swift */,
				A4C137272781819E00A4F853 /* Info.plist */,
			);
			path = "Test-MVVMUITests";
			sourceTree = "<group>";
		};
		E11D14857C3104D3AB121A9D /* Frameworks */ = {
			isa = PBXGroup;
			children = (
				76FAEC70B7C28D4BA9137CFD /* Pods_Test_MVVM.framework */,
				4C9C0109EF48C4DA9745EC2C /* Pods_Test_MVVM_Test_MVVMUITests.framework */,
				06AC549385B1E1081F9F28E4 /* Pods_Test_MVVMTests.framework */,
			);
			name = Frameworks;
			sourceTree = "<group>";
		};
		F8DFABE12633057B3E73AB75 /* Pods */ = {
			isa = PBXGroup;
			children = (
				762CF4FB69E6449900283B73 /* Pods-Test-MVVM.debug.xcconfig */,
				7524E2B65FAD04CE2C0FE8B1 /* Pods-Test-MVVM.release.xcconfig */,
				3E8B442107B83765219FCDCF /* Pods-Test-MVVM-Test-MVVMUITests.debug.xcconfig */,
				2BCF167509AB7AE166DF5043 /* Pods-Test-MVVM-Test-MVVMUITests.release.xcconfig */,
				2C1361F6D517765E81AC41D0 /* Pods-Test-MVVMTests.debug.xcconfig */,
				EC464D8F1F45862DA0D42B9E /* Pods-Test-MVVMTests.release.xcconfig */,
			);
			path = Pods;
			sourceTree = "<group>";
		};
/* End PBXGroup section */

/* Begin PBXNativeTarget section */
		A4C136FF2781819A00A4F853 /* Test-MVVM */ = {
			isa = PBXNativeTarget;
			buildConfigurationList = A4C1372A2781819E00A4F853 /* Build configuration list for PBXNativeTarget "Test-MVVM" */;
			buildPhases = (
				BA17355407B54D94FF9F75D8 /* [CP] Check Pods Manifest.lock */,
				A4C136FC2781819A00A4F853 /* Sources */,
				A4C136FD2781819A00A4F853 /* Frameworks */,
				A4C136FE2781819A00A4F853 /* Resources */,
				DCF8CC26B195D6371871F17F /* [CP] Embed Pods Frameworks */,
			);
			buildRules = (
			);
			dependencies = (
			);
			name = "Test-MVVM";
			productName = "Test-MVVM";
			productReference = A4C137002781819A00A4F853 /* Test-MVVM.app */;
			productType = "com.apple.product-type.application";
		};
		A4C137152781819E00A4F853 /* Test-MVVMTests */ = {
			isa = PBXNativeTarget;
			buildConfigurationList = A4C1372D2781819E00A4F853 /* Build configuration list for PBXNativeTarget "Test-MVVMTests" */;
			buildPhases = (
				06FDF0BCBE411893C505C213 /* [CP] Check Pods Manifest.lock */,
				A4C137122781819E00A4F853 /* Sources */,
				A4C137132781819E00A4F853 /* Frameworks */,
				A4C137142781819E00A4F853 /* Resources */,
			);
			buildRules = (
			);
			dependencies = (
				A4C137182781819E00A4F853 /* PBXTargetDependency */,
			);
			name = "Test-MVVMTests";
			productName = "Test-MVVMTests";
			productReference = A4C137162781819E00A4F853 /* Test-MVVMTests.xctest */;
			productType = "com.apple.product-type.bundle.unit-test";
		};
		A4C137202781819E00A4F853 /* Test-MVVMUITests */ = {
			isa = PBXNativeTarget;
			buildConfigurationList = A4C137302781819E00A4F853 /* Build configuration list for PBXNativeTarget "Test-MVVMUITests" */;
			buildPhases = (
				745367BC791ADE909A44F99E /* [CP] Check Pods Manifest.lock */,
				A4C1371D2781819E00A4F853 /* Sources */,
				A4C1371E2781819E00A4F853 /* Frameworks */,
				A4C1371F2781819E00A4F853 /* Resources */,
				B39D2404657BF99FDF7D0C7B /* [CP] Embed Pods Frameworks */,
			);
			buildRules = (
			);
			dependencies = (
				A4C137232781819E00A4F853 /* PBXTargetDependency */,
			);
			name = "Test-MVVMUITests";
			productName = "Test-MVVMUITests";
			productReference = A4C137212781819E00A4F853 /* Test-MVVMUITests.xctest */;
			productType = "com.apple.product-type.bundle.ui-testing";
		};
/* End PBXNativeTarget section */

/* Begin PBXProject section */
		A4C136F82781819A00A4F853 /* Project object */ = {
			isa = PBXProject;
			attributes = {
				LastSwiftUpdateCheck = 1250;
				LastUpgradeCheck = 1250;
				TargetAttributes = {
					A4C136FF2781819A00A4F853 = {
						CreatedOnToolsVersion = 12.5.1;
					};
					A4C137152781819E00A4F853 = {
						CreatedOnToolsVersion = 12.5.1;
						TestTargetID = A4C136FF2781819A00A4F853;
					};
					A4C137202781819E00A4F853 = {
						CreatedOnToolsVersion = 12.5.1;
						TestTargetID = A4C136FF2781819A00A4F853;
					};
				};
			};
			buildConfigurationList = A4C136FB2781819A00A4F853 /* Build configuration list for PBXProject "Test-MVVM" */;
			compatibilityVersion = "Xcode 9.3";
			developmentRegion = en;
			hasScannedForEncodings = 0;
			knownRegions = (
				en,
				Base,
			);
			mainGroup = A4C136F72781819A00A4F853;
			productRefGroup = A4C137012781819A00A4F853 /* Products */;
			projectDirPath = "";
			projectRoot = "";
			targets = (
				A4C136FF2781819A00A4F853 /* Test-MVVM */,
				A4C137152781819E00A4F853 /* Test-MVVMTests */,
				A4C137202781819E00A4F853 /* Test-MVVMUITests */,
			);
		};
/* End PBXProject section */

/* Begin PBXResourcesBuildPhase section */
		A4C136FE2781819A00A4F853 /* Resources */ = {
			isa = PBXResourcesBuildPhase;
			buildActionMask = 2147483647;
			files = (
				A4C137102781819D00A4F853 /* LaunchScreen.storyboard in Resources */,
				A4C1370D2781819D00A4F853 /* Assets.xcassets in Resources */,
				A4C1370B2781819B00A4F853 /* Main.storyboard in Resources */,
			);
			runOnlyForDeploymentPostprocessing = 0;
		};
		A4C137142781819E00A4F853 /* Resources */ = {
			isa = PBXResourcesBuildPhase;
			buildActionMask = 2147483647;
			files = (
			);
			runOnlyForDeploymentPostprocessing = 0;
		};
		A4C1371F2781819E00A4F853 /* Resources */ = {
			isa = PBXResourcesBuildPhase;
			buildActionMask = 2147483647;
			files = (
			);
			runOnlyForDeploymentPostprocessing = 0;
		};
/* End PBXResourcesBuildPhase section */

/* Begin PBXShellScriptBuildPhase section */
		06FDF0BCBE411893C505C213 /* [CP] Check Pods Manifest.lock */ = {
			isa = PBXShellScriptBuildPhase;
			buildActionMask = 2147483647;
			files = (
			);
			inputFileListPaths = (
			);
			inputPaths = (
				"${PODS_PODFILE_DIR_PATH}/Podfile.lock",
				"${PODS_ROOT}/Manifest.lock",
			);
			name = "[CP] Check Pods Manifest.lock";
			outputFileListPaths = (
			);
			outputPaths = (
				"$(DERIVED_FILE_DIR)/Pods-Test-MVVMTests-checkManifestLockResult.txt",
			);
			runOnlyForDeploymentPostprocessing = 0;
			shellPath = /bin/sh;
			shellScript = "diff \"${PODS_PODFILE_DIR_PATH}/Podfile.lock\" \"${PODS_ROOT}/Manifest.lock\" > /dev/null\nif [ $? != 0 ] ; then\n    # print error to STDERR\n    echo \"error: The sandbox is not in sync with the Podfile.lock. Run 'pod install' or update your CocoaPods installation.\" >&2\n    exit 1\nfi\n# This output is used by Xcode 'outputs' to avoid re-running this script phase.\necho \"SUCCESS\" > \"${SCRIPT_OUTPUT_FILE_0}\"\n";
			showEnvVarsInLog = 0;
		};
		745367BC791ADE909A44F99E /* [CP] Check Pods Manifest.lock */ = {
			isa = PBXShellScriptBuildPhase;
			buildActionMask = 2147483647;
			files = (
			);
			inputFileListPaths = (
			);
			inputPaths = (
				"${PODS_PODFILE_DIR_PATH}/Podfile.lock",
				"${PODS_ROOT}/Manifest.lock",
			);
			name = "[CP] Check Pods Manifest.lock";
			outputFileListPaths = (
			);
			outputPaths = (
				"$(DERIVED_FILE_DIR)/Pods-Test-MVVM-Test-MVVMUITests-checkManifestLockResult.txt",
			);
			runOnlyForDeploymentPostprocessing = 0;
			shellPath = /bin/sh;
			shellScript = "diff \"${PODS_PODFILE_DIR_PATH}/Podfile.lock\" \"${PODS_ROOT}/Manifest.lock\" > /dev/null\nif [ $? != 0 ] ; then\n    # print error to STDERR\n    echo \"error: The sandbox is not in sync with the Podfile.lock. Run 'pod install' or update your CocoaPods installation.\" >&2\n    exit 1\nfi\n# This output is used by Xcode 'outputs' to avoid re-running this script phase.\necho \"SUCCESS\" > \"${SCRIPT_OUTPUT_FILE_0}\"\n";
			showEnvVarsInLog = 0;
		};
		B39D2404657BF99FDF7D0C7B /* [CP] Embed Pods Frameworks */ = {
			isa = PBXShellScriptBuildPhase;
			buildActionMask = 2147483647;
			files = (
			);
			inputFileListPaths = (
				"${PODS_ROOT}/Target Support Files/Pods-Test-MVVM-Test-MVVMUITests/Pods-Test-MVVM-Test-MVVMUITests-frameworks-${CONFIGURATION}-input-files.xcfilelist",
			);
			name = "[CP] Embed Pods Frameworks";
			outputFileListPaths = (
				"${PODS_ROOT}/Target Support Files/Pods-Test-MVVM-Test-MVVMUITests/Pods-Test-MVVM-Test-MVVMUITests-frameworks-${CONFIGURATION}-output-files.xcfilelist",
			);
			runOnlyForDeploymentPostprocessing = 0;
			shellPath = /bin/sh;
			shellScript = "\"${PODS_ROOT}/Target Support Files/Pods-Test-MVVM-Test-MVVMUITests/Pods-Test-MVVM-Test-MVVMUITests-frameworks.sh\"\n";
			showEnvVarsInLog = 0;
		};
		BA17355407B54D94FF9F75D8 /* [CP] Check Pods Manifest.lock */ = {
			isa = PBXShellScriptBuildPhase;
			buildActionMask = 2147483647;
			files = (
			);
			inputFileListPaths = (
			);
			inputPaths = (
				"${PODS_PODFILE_DIR_PATH}/Podfile.lock",
				"${PODS_ROOT}/Manifest.lock",
			);
			name = "[CP] Check Pods Manifest.lock";
			outputFileListPaths = (
			);
			outputPaths = (
				"$(DERIVED_FILE_DIR)/Pods-Test-MVVM-checkManifestLockResult.txt",
			);
			runOnlyForDeploymentPostprocessing = 0;
			shellPath = /bin/sh;
			shellScript = "diff \"${PODS_PODFILE_DIR_PATH}/Podfile.lock\" \"${PODS_ROOT}/Manifest.lock\" > /dev/null\nif [ $? != 0 ] ; then\n    # print error to STDERR\n    echo \"error: The sandbox is not in sync with the Podfile.lock. Run 'pod install' or update your CocoaPods installation.\" >&2\n    exit 1\nfi\n# This output is used by Xcode 'outputs' to avoid re-running this script phase.\necho \"SUCCESS\" > \"${SCRIPT_OUTPUT_FILE_0}\"\n";
			showEnvVarsInLog = 0;
		};
		DCF8CC26B195D6371871F17F /* [CP] Embed Pods Frameworks */ = {
			isa = PBXShellScriptBuildPhase;
			buildActionMask = 2147483647;
			files = (
			);
			inputFileListPaths = (
				"${PODS_ROOT}/Target Support Files/Pods-Test-MVVM/Pods-Test-MVVM-frameworks-${CONFIGURATION}-input-files.xcfilelist",
			);
			name = "[CP] Embed Pods Frameworks";
			outputFileListPaths = (
				"${PODS_ROOT}/Target Support Files/Pods-Test-MVVM/Pods-Test-MVVM-frameworks-${CONFIGURATION}-output-files.xcfilelist",
			);
			runOnlyForDeploymentPostprocessing = 0;
			shellPath = /bin/sh;
			shellScript = "\"${PODS_ROOT}/Target Support Files/Pods-Test-MVVM/Pods-Test-MVVM-frameworks.sh\"\n";
			showEnvVarsInLog = 0;
		};
/* End PBXShellScriptBuildPhase section */

/* Begin PBXSourcesBuildPhase section */
		A4C136FC2781819A00A4F853 /* Sources */ = {
			isa = PBXSourcesBuildPhase;
			buildActionMask = 2147483647;
			files = (
				A4C137082781819B00A4F853 /* LoginViewController.swift in Sources */,
				073CE56327838E1600735068 /* RegistrationViewModel.swift in Sources */,
				073CE54E2781FAC900735068 /* APIClient.swift in Sources */,
				073CE54D2781FAC900735068 /* APIRouter.swift in Sources */,
				073CE56727838E8700735068 /* RegistrationService.swift in Sources */,
				A4C137042781819B00A4F853 /* AppDelegate.swift in Sources */,
				A4C13734278182FE00A4F853 /* CardView.swift in Sources */,
				A4C137062781819B00A4F853 /* SceneDelegate.swift in Sources */,
				073CE5482781EFCB00735068 /* RegistrationViewController.swift in Sources */,
				073CE55D278382B800735068 /* LoginService.swift in Sources */,
				073CE54F2781FAC900735068 /* Constants.swift in Sources */,
				073CE55A278346E800735068 /* LoginViewModel.swift in Sources */,
			);
			runOnlyForDeploymentPostprocessing = 0;
		};
		A4C137122781819E00A4F853 /* Sources */ = {
			isa = PBXSourcesBuildPhase;
			buildActionMask = 2147483647;
			files = (
				A4C1371B2781819E00A4F853 /* Test_MVVMTests.swift in Sources */,
			);
			runOnlyForDeploymentPostprocessing = 0;
		};
		A4C1371D2781819E00A4F853 /* Sources */ = {
			isa = PBXSourcesBuildPhase;
			buildActionMask = 2147483647;
			files = (
				A4C137262781819E00A4F853 /* Test_MVVMUITests.swift in Sources */,
			);
			runOnlyForDeploymentPostprocessing = 0;
		};
/* End PBXSourcesBuildPhase section */

/* Begin PBXTargetDependency section */
		A4C137182781819E00A4F853 /* PBXTargetDependency */ = {
			isa = PBXTargetDependency;
			target = A4C136FF2781819A00A4F853 /* Test-MVVM */;
			targetProxy = A4C137172781819E00A4F853 /* PBXContainerItemProxy */;
		};
		A4C137232781819E00A4F853 /* PBXTargetDependency */ = {
			isa = PBXTargetDependency;
			target = A4C136FF2781819A00A4F853 /* Test-MVVM */;
			targetProxy = A4C137222781819E00A4F853 /* PBXContainerItemProxy */;
		};
/* End PBXTargetDependency section */

/* Begin PBXVariantGroup section */
		A4C137092781819B00A4F853 /* Main.storyboard */ = {
			isa = PBXVariantGroup;
			children = (
				A4C1370A2781819B00A4F853 /* Base */,
			);
			name = Main.storyboard;
			sourceTree = "<group>";
		};
		A4C1370E2781819D00A4F853 /* LaunchScreen.storyboard */ = {
			isa = PBXVariantGroup;
			children = (
				A4C1370F2781819D00A4F853 /* Base */,
			);
			name = LaunchScreen.storyboard;
			sourceTree = "<group>";
		};
/* End PBXVariantGroup section */

/* Begin XCBuildConfiguration section */
		A4C137282781819E00A4F853 /* Debug */ = {
			isa = XCBuildConfiguration;
			buildSettings = {
				ALWAYS_SEARCH_USER_PATHS = NO;
				CLANG_ANALYZER_NONNULL = YES;
				CLANG_ANALYZER_NUMBER_OBJECT_CONVERSION = YES_AGGRESSIVE;
				CLANG_CXX_LANGUAGE_STANDARD = "gnu++14";
				CLANG_CXX_LIBRARY = "libc++";
				CLANG_ENABLE_MODULES = YES;
				CLANG_ENABLE_OBJC_ARC = YES;
				CLANG_ENABLE_OBJC_WEAK = YES;
				CLANG_WARN_BLOCK_CAPTURE_AUTORELEASING = YES;
				CLANG_WARN_BOOL_CONVERSION = YES;
				CLANG_WARN_COMMA = YES;
				CLANG_WARN_CONSTANT_CONVERSION = YES;
				CLANG_WARN_DEPRECATED_OBJC_IMPLEMENTATIONS = YES;
				CLANG_WARN_DIRECT_OBJC_ISA_USAGE = YES_ERROR;
				CLANG_WARN_DOCUMENTATION_COMMENTS = YES;
				CLANG_WARN_EMPTY_BODY = YES;
				CLANG_WARN_ENUM_CONVERSION = YES;
				CLANG_WARN_INFINITE_RECURSION = YES;
				CLANG_WARN_INT_CONVERSION = YES;
				CLANG_WARN_NON_LITERAL_NULL_CONVERSION = YES;
				CLANG_WARN_OBJC_IMPLICIT_RETAIN_SELF = YES;
				CLANG_WARN_OBJC_LITERAL_CONVERSION = YES;
				CLANG_WARN_OBJC_ROOT_CLASS = YES_ERROR;
				CLANG_WARN_QUOTED_INCLUDE_IN_FRAMEWORK_HEADER = YES;
				CLANG_WARN_RANGE_LOOP_ANALYSIS = YES;
				CLANG_WARN_STRICT_PROTOTYPES = YES;
				CLANG_WARN_SUSPICIOUS_MOVE = YES;
				CLANG_WARN_UNGUARDED_AVAILABILITY = YES_AGGRESSIVE;
				CLANG_WARN_UNREACHABLE_CODE = YES;
				CLANG_WARN__DUPLICATE_METHOD_MATCH = YES;
				COPY_PHASE_STRIP = NO;
				DEBUG_INFORMATION_FORMAT = dwarf;
				ENABLE_STRICT_OBJC_MSGSEND = YES;
				ENABLE_TESTABILITY = YES;
				GCC_C_LANGUAGE_STANDARD = gnu11;
				GCC_DYNAMIC_NO_PIC = NO;
				GCC_NO_COMMON_BLOCKS = YES;
				GCC_OPTIMIZATION_LEVEL = 0;
				GCC_PREPROCESSOR_DEFINITIONS = (
					"DEBUG=1",
					"$(inherited)",
				);
				GCC_WARN_64_TO_32_BIT_CONVERSION = YES;
				GCC_WARN_ABOUT_RETURN_TYPE = YES_ERROR;
				GCC_WARN_UNDECLARED_SELECTOR = YES;
				GCC_WARN_UNINITIALIZED_AUTOS = YES_AGGRESSIVE;
				GCC_WARN_UNUSED_FUNCTION = YES;
				GCC_WARN_UNUSED_VARIABLE = YES;
				IPHONEOS_DEPLOYMENT_TARGET = 14.5;
				MTL_ENABLE_DEBUG_INFO = INCLUDE_SOURCE;
				MTL_FAST_MATH = YES;
				ONLY_ACTIVE_ARCH = YES;
				SDKROOT = iphoneos;
				SWIFT_ACTIVE_COMPILATION_CONDITIONS = DEBUG;
				SWIFT_OPTIMIZATION_LEVEL = "-Onone";
			};
			name = Debug;
		};
		A4C137292781819E00A4F853 /* Release */ = {
			isa = XCBuildConfiguration;
			buildSettings = {
				ALWAYS_SEARCH_USER_PATHS = NO;
				CLANG_ANALYZER_NONNULL = YES;
				CLANG_ANALYZER_NUMBER_OBJECT_CONVERSION = YES_AGGRESSIVE;
				CLANG_CXX_LANGUAGE_STANDARD = "gnu++14";
				CLANG_CXX_LIBRARY = "libc++";
				CLANG_ENABLE_MODULES = YES;
				CLANG_ENABLE_OBJC_ARC = YES;
				CLANG_ENABLE_OBJC_WEAK = YES;
				CLANG_WARN_BLOCK_CAPTURE_AUTORELEASING = YES;
				CLANG_WARN_BOOL_CONVERSION = YES;
				CLANG_WARN_COMMA = YES;
				CLANG_WARN_CONSTANT_CONVERSION = YES;
				CLANG_WARN_DEPRECATED_OBJC_IMPLEMENTATIONS = YES;
				CLANG_WARN_DIRECT_OBJC_ISA_USAGE = YES_ERROR;
				CLANG_WARN_DOCUMENTATION_COMMENTS = YES;
				CLANG_WARN_EMPTY_BODY = YES;
				CLANG_WARN_ENUM_CONVERSION = YES;
				CLANG_WARN_INFINITE_RECURSION = YES;
				CLANG_WARN_INT_CONVERSION = YES;
				CLANG_WARN_NON_LITERAL_NULL_CONVERSION = YES;
				CLANG_WARN_OBJC_IMPLICIT_RETAIN_SELF = YES;
				CLANG_WARN_OBJC_LITERAL_CONVERSION = YES;
				CLANG_WARN_OBJC_ROOT_CLASS = YES_ERROR;
				CLANG_WARN_QUOTED_INCLUDE_IN_FRAMEWORK_HEADER = YES;
				CLANG_WARN_RANGE_LOOP_ANALYSIS = YES;
				CLANG_WARN_STRICT_PROTOTYPES = YES;
				CLANG_WARN_SUSPICIOUS_MOVE = YES;
				CLANG_WARN_UNGUARDED_AVAILABILITY = YES_AGGRESSIVE;
				CLANG_WARN_UNREACHABLE_CODE = YES;
				CLANG_WARN__DUPLICATE_METHOD_MATCH = YES;
				COPY_PHASE_STRIP = NO;
				DEBUG_INFORMATION_FORMAT = "dwarf-with-dsym";
				ENABLE_NS_ASSERTIONS = NO;
				ENABLE_STRICT_OBJC_MSGSEND = YES;
				GCC_C_LANGUAGE_STANDARD = gnu11;
				GCC_NO_COMMON_BLOCKS = YES;
				GCC_WARN_64_TO_32_BIT_CONVERSION = YES;
				GCC_WARN_ABOUT_RETURN_TYPE = YES_ERROR;
				GCC_WARN_UNDECLARED_SELECTOR = YES;
				GCC_WARN_UNINITIALIZED_AUTOS = YES_AGGRESSIVE;
				GCC_WARN_UNUSED_FUNCTION = YES;
				GCC_WARN_UNUSED_VARIABLE = YES;
				IPHONEOS_DEPLOYMENT_TARGET = 14.5;
				MTL_ENABLE_DEBUG_INFO = NO;
				MTL_FAST_MATH = YES;
				SDKROOT = iphoneos;
				SWIFT_COMPILATION_MODE = wholemodule;
				SWIFT_OPTIMIZATION_LEVEL = "-O";
				VALIDATE_PRODUCT = YES;
			};
			name = Release;
		};
		A4C1372B2781819E00A4F853 /* Debug */ = {
			isa = XCBuildConfiguration;
			baseConfigurationReference = 762CF4FB69E6449900283B73 /* Pods-Test-MVVM.debug.xcconfig */;
			buildSettings = {
				ASSETCATALOG_COMPILER_APPICON_NAME = AppIcon;
				ASSETCATALOG_COMPILER_GLOBAL_ACCENT_COLOR_NAME = AccentColor;
				CODE_SIGN_STYLE = Automatic;
				DEVELOPMENT_TEAM = 2QGQ79SH6J;
				INFOPLIST_FILE = "Test-MVVM/Info.plist";
				LD_RUNPATH_SEARCH_PATHS = (
					"$(inherited)",
					"@executable_path/Frameworks",
				);
				PRODUCT_BUNDLE_IDENTIFIER = "amirahmed.Test-MVVM";
				PRODUCT_NAME = "$(TARGET_NAME)";
				SWIFT_VERSION = 5.0;
				TARGETED_DEVICE_FAMILY = "1,2";
			};
			name = Debug;
		};
		A4C1372C2781819E00A4F853 /* Release */ = {
			isa = XCBuildConfiguration;
			baseConfigurationReference = 7524E2B65FAD04CE2C0FE8B1 /* Pods-Test-MVVM.release.xcconfig */;
			buildSettings = {
				ASSETCATALOG_COMPILER_APPICON_NAME = AppIcon;
				ASSETCATALOG_COMPILER_GLOBAL_ACCENT_COLOR_NAME = AccentColor;
				CODE_SIGN_STYLE = Automatic;
				DEVELOPMENT_TEAM = 2QGQ79SH6J;
				INFOPLIST_FILE = "Test-MVVM/Info.plist";
				LD_RUNPATH_SEARCH_PATHS = (
					"$(inherited)",
					"@executable_path/Frameworks",
				);
				PRODUCT_BUNDLE_IDENTIFIER = "amirahmed.Test-MVVM";
				PRODUCT_NAME = "$(TARGET_NAME)";
				SWIFT_VERSION = 5.0;
				TARGETED_DEVICE_FAMILY = "1,2";
			};
			name = Release;
		};
		A4C1372E2781819E00A4F853 /* Debug */ = {
			isa = XCBuildConfiguration;
			baseConfigurationReference = 2C1361F6D517765E81AC41D0 /* Pods-Test-MVVMTests.debug.xcconfig */;
			buildSettings = {
				ALWAYS_EMBED_SWIFT_STANDARD_LIBRARIES = YES;
				BUNDLE_LOADER = "$(TEST_HOST)";
				CODE_SIGN_STYLE = Automatic;
				DEVELOPMENT_TEAM = 2QGQ79SH6J;
				INFOPLIST_FILE = "Test-MVVMTests/Info.plist";
				IPHONEOS_DEPLOYMENT_TARGET = 14.5;
				LD_RUNPATH_SEARCH_PATHS = (
					"$(inherited)",
					"@executable_path/Frameworks",
					"@loader_path/Frameworks",
				);
				PRODUCT_BUNDLE_IDENTIFIER = "amirahmed.Test-MVVMTests";
				PRODUCT_NAME = "$(TARGET_NAME)";
				SWIFT_VERSION = 5.0;
				TARGETED_DEVICE_FAMILY = "1,2";
				TEST_HOST = "$(BUILT_PRODUCTS_DIR)/Test-MVVM.app/Test-MVVM";
			};
			name = Debug;
		};
		A4C1372F2781819E00A4F853 /* Release */ = {
			isa = XCBuildConfiguration;
			baseConfigurationReference = EC464D8F1F45862DA0D42B9E /* Pods-Test-MVVMTests.release.xcconfig */;
			buildSettings = {
				ALWAYS_EMBED_SWIFT_STANDARD_LIBRARIES = YES;
				BUNDLE_LOADER = "$(TEST_HOST)";
				CODE_SIGN_STYLE = Automatic;
				DEVELOPMENT_TEAM = 2QGQ79SH6J;
				INFOPLIST_FILE = "Test-MVVMTests/Info.plist";
				IPHONEOS_DEPLOYMENT_TARGET = 14.5;
				LD_RUNPATH_SEARCH_PATHS = (
					"$(inherited)",
					"@executable_path/Frameworks",
					"@loader_path/Frameworks",
				);
				PRODUCT_BUNDLE_IDENTIFIER = "amirahmed.Test-MVVMTests";
				PRODUCT_NAME = "$(TARGET_NAME)";
				SWIFT_VERSION = 5.0;
				TARGETED_DEVICE_FAMILY = "1,2";
				TEST_HOST = "$(BUILT_PRODUCTS_DIR)/Test-MVVM.app/Test-MVVM";
			};
			name = Release;
		};
		A4C137312781819E00A4F853 /* Debug */ = {
			isa = XCBuildConfiguration;
			baseConfigurationReference = 3E8B442107B83765219FCDCF /* Pods-Test-MVVM-Test-MVVMUITests.debug.xcconfig */;
			buildSettings = {
				ALWAYS_EMBED_SWIFT_STANDARD_LIBRARIES = YES;
				CODE_SIGN_STYLE = Automatic;
				DEVELOPMENT_TEAM = 2QGQ79SH6J;
				INFOPLIST_FILE = "Test-MVVMUITests/Info.plist";
				LD_RUNPATH_SEARCH_PATHS = (
					"$(inherited)",
					"@executable_path/Frameworks",
					"@loader_path/Frameworks",
				);
				PRODUCT_BUNDLE_IDENTIFIER = "amirahmed.Test-MVVMUITests";
				PRODUCT_NAME = "$(TARGET_NAME)";
				SWIFT_VERSION = 5.0;
				TARGETED_DEVICE_FAMILY = "1,2";
				TEST_TARGET_NAME = "Test-MVVM";
			};
			name = Debug;
		};
		A4C137322781819E00A4F853 /* Release */ = {
			isa = XCBuildConfiguration;
			baseConfigurationReference = 2BCF167509AB7AE166DF5043 /* Pods-Test-MVVM-Test-MVVMUITests.release.xcconfig */;
			buildSettings = {
				ALWAYS_EMBED_SWIFT_STANDARD_LIBRARIES = YES;
				CODE_SIGN_STYLE = Automatic;
				DEVELOPMENT_TEAM = 2QGQ79SH6J;
				INFOPLIST_FILE = "Test-MVVMUITests/Info.plist";
				LD_RUNPATH_SEARCH_PATHS = (
					"$(inherited)",
					"@executable_path/Frameworks",
					"@loader_path/Frameworks",
				);
				PRODUCT_BUNDLE_IDENTIFIER = "amirahmed.Test-MVVMUITests";
				PRODUCT_NAME = "$(TARGET_NAME)";
				SWIFT_VERSION = 5.0;
				TARGETED_DEVICE_FAMILY = "1,2";
				TEST_TARGET_NAME = "Test-MVVM";
			};
			name = Release;
		};
/* End XCBuildConfiguration section */

/* Begin XCConfigurationList section */
		A4C136FB2781819A00A4F853 /* Build configuration list for PBXProject "Test-MVVM" */ = {
			isa = XCConfigurationList;
			buildConfigurations = (
				A4C137282781819E00A4F853 /* Debug */,
				A4C137292781819E00A4F853 /* Release */,
			);
			defaultConfigurationIsVisible = 0;
			defaultConfigurationName = Release;
		};
		A4C1372A2781819E00A4F853 /* Build configuration list for PBXNativeTarget "Test-MVVM" */ = {
			isa = XCConfigurationList;
			buildConfigurations = (
				A4C1372B2781819E00A4F853 /* Debug */,
				A4C1372C2781819E00A4F853 /* Release */,
			);
			defaultConfigurationIsVisible = 0;
			defaultConfigurationName = Release;
		};
		A4C1372D2781819E00A4F853 /* Build configuration list for PBXNativeTarget "Test-MVVMTests" */ = {
			isa = XCConfigurationList;
			buildConfigurations = (
				A4C1372E2781819E00A4F853 /* Debug */,
				A4C1372F2781819E00A4F853 /* Release */,
			);
			defaultConfigurationIsVisible = 0;
			defaultConfigurationName = Release;
		};
		A4C137302781819E00A4F853 /* Build configuration list for PBXNativeTarget "Test-MVVMUITests" */ = {
			isa = XCConfigurationList;
			buildConfigurations = (
				A4C137312781819E00A4F853 /* Debug */,
				A4C137322781819E00A4F853 /* Release */,
			);
			defaultConfigurationIsVisible = 0;
			defaultConfigurationName = Release;
		};
/* End XCConfigurationList section */
	};
	rootObject = A4C136F82781819A00A4F853 /* Project object */;
}
